{
  "lockfile_version": "1",
  "packages": {
    "arrow-cpp@latest": {
      "last_modified": "2025-05-16T20:19:48Z",
      "resolved": "github:NixOS/nixpkgs/12a55407652e04dcf2309436eb06fef0d3713ef3#arrow-cpp",
      "source": "devbox-search",
      "version": "20.0.0",
      "systems": {
        "aarch64-darwin": {
          "outputs": [
            {
              "name": "out",
              "path": "/nix/store/6xir7vb47py6ymdi7d7j9152f5ns9140-arrow-cpp-20.0.0",
              "default": true
            }
          ],
          "store_path": "/nix/store/6xir7vb47py6ymdi7d7j9152f5ns9140-arrow-cpp-20.0.0"
        },
        "aarch64-linux": {
          "outputs": [
            {
              "name": "out",
              "path": "/nix/store/ik09r30f7dgk7w39xg3n02pbyazp2v3m-arrow-cpp-20.0.0",
              "default": true
            }
          ],
          "store_path": "/nix/store/ik09r30f7dgk7w39xg3n02pbyazp2v3m-arrow-cpp-20.0.0"
        },
        "x86_64-darwin": {
          "outputs": [
            {
              "name": "out",
              "path": "/nix/store/bypf61z099mjwk9yhpzs2v71dhiqfjy6-arrow-cpp-20.0.0",
              "default": true
            }
          ],
          "store_path": "/nix/store/bypf61z099mjwk9yhpzs2v71dhiqfjy6-arrow-cpp-20.0.0"
        },
        "x86_64-linux": {
          "outputs": [
            {
              "name": "out",
              "path": "/nix/store/lnisdbzpmmyfs9i1svhd3sjhnlpz65d5-arrow-cpp-20.0.0",
              "default": true
            }
          ],
          "store_path": "/nix/store/lnisdbzpmmyfs9i1svhd3sjhnlpz65d5-arrow-cpp-20.0.0"
        }
      }
    },
    "clang-tools@latest": {
      "last_modified": "2025-05-16T20:19:48Z",
      "resolved": "github:NixOS/nixpkgs/12a55407652e04dcf2309436eb06fef0d3713ef3#clang-tools",
      "source": "devbox-search",
      "version": "19.1.7",
      "systems": {
        "aarch64-darwin": {
          "outputs": [
            {
              "name": "out",
              "path": "/nix/store/d12c7ny0s98iiycg0b2a4pdqn6fg97a2-clang-tools-19.1.7",
              "default": true
            }
          ],
          "store_path": "/nix/store/d12c7ny0s98iiycg0b2a4pdqn6fg97a2-clang-tools-19.1.7"
        },
        "aarch64-linux": {
          "outputs": [
            {
              "name": "out",
              "path": "/nix/store/dkkmczwslzdvk128sfvmp9xgrg0s2yby-clang-tools-19.1.7",
              "default": true
            }
          ],
          "store_path": "/nix/store/dkkmczwslzdvk128sfvmp9xgrg0s2yby-clang-tools-19.1.7"
        },
        "x86_64-darwin": {
          "outputs": [
            {
              "name": "out",
              "path": "/nix/store/22h6pcivzrx1nzrkxjgwy0j0n7mcidd4-clang-tools-19.1.7",
              "default": true
            }
          ],
          "store_path": "/nix/store/22h6pcivzrx1nzrkxjgwy0j0n7mcidd4-clang-tools-19.1.7"
        },
        "x86_64-linux": {
          "outputs": [
            {
              "name": "out",
              "path": "/nix/store/06gf7f983rjm28pmycy732hdj4i7x0v8-clang-tools-19.1.7",
              "default": true
            }
          ],
          "store_path": "/nix/store/06gf7f983rjm28pmycy732hdj4i7x0v8-clang-tools-19.1.7"
        }
      }
    },
    "clang@latest": {
      "last_modified": "2025-05-16T20:19:48Z",
      "resolved": "github:NixOS/nixpkgs/12a55407652e04dcf2309436eb06fef0d3713ef3#clang",
      "source": "devbox-search",
      "version": "19.1.7",
      "systems": {
        "aarch64-darwin": {
          "outputs": [
            {
              "name": "out",
              "path": "/nix/store/cvhbqa01i5yy7xmmpqp1hbnvq7kpvgsx-clang-wrapper-19.1.7",
              "default": true
            }
          ],
          "store_path": "/nix/store/cvhbqa01i5yy7xmmpqp1hbnvq7kpvgsx-clang-wrapper-19.1.7"
        },
        "aarch64-linux": {
          "outputs": [
            {
              "name": "out",
              "path": "/nix/store/vp6zgsnwkqjn89lgdkizr2vpxp6zvv9m-clang-wrapper-19.1.7",
              "default": true
            }
          ],
          "store_path": "/nix/store/vp6zgsnwkqjn89lgdkizr2vpxp6zvv9m-clang-wrapper-19.1.7"
        },
        "x86_64-darwin": {
          "outputs": [
            {
              "name": "out",
              "path": "/nix/store/cm1kj0v0xpsql7fww3hv7f3z930k2fnw-clang-wrapper-19.1.7",
              "default": true
            }
          ],
          "store_path": "/nix/store/cm1kj0v0xpsql7fww3hv7f3z930k2fnw-clang-wrapper-19.1.7"
        },
        "x86_64-linux": {
          "outputs": [
            {
              "name": "out",
              "path": "/nix/store/fmysfy9gl5d59yir4fksi29wz10maljg-clang-wrapper-19.1.7",
              "default": true
            }
          ],
          "store_path": "/nix/store/fmysfy9gl5d59yir4fksi29wz10maljg-clang-wrapper-19.1.7"
        }
      }
    },
    "cmake@latest": {
      "last_modified": "2025-05-16T20:19:48Z",
      "resolved": "github:NixOS/nixpkgs/12a55407652e04dcf2309436eb06fef0d3713ef3#cmake",
      "source": "devbox-search",
      "version": "3.31.6",
      "systems": {
        "aarch64-darwin": {
          "outputs": [
            {
              "name": "out",
              "path": "/nix/store/446sv4sjjz03j7zw44icjbd81mfl8inx-cmake-3.31.6",
              "default": true
            }
          ],
          "store_path": "/nix/store/446sv4sjjz03j7zw44icjbd81mfl8inx-cmake-3.31.6"
        },
        "aarch64-linux": {
          "outputs": [
            {
              "name": "out",
              "path": "/nix/store/9cbpyw2256lkll43i97438fhb26h0xvc-cmake-3.31.6",
              "default": true
            },
            {
              "name": "debug",
              "path": "/nix/store/vkkhdc8qyimrpz4zrhwc0bjrmabknwd8-cmake-3.31.6-debug"
            }
          ],
          "store_path": "/nix/store/9cbpyw2256lkll43i97438fhb26h0xvc-cmake-3.31.6"
        },
        "x86_64-darwin": {
          "outputs": [
            {
              "name": "out",
              "path": "/nix/store/rlp1sdsib58dq9bxn0x9cvq54bgfp2j7-cmake-3.31.6",
              "default": true
            }
          ],
          "store_path": "/nix/store/rlp1sdsib58dq9bxn0x9cvq54bgfp2j7-cmake-3.31.6"
        },
        "x86_64-linux": {
          "outputs": [
            {
              "name": "out",
              "path": "/nix/store/wphngc22a7aphbp5pi5jqmqlsqmisgn5-cmake-3.31.6",
              "default": true
            },
            {
              "name": "debug",
              "path": "/nix/store/kdnzgg0361rhg6h8mxhzkw3wvs2c1ffn-cmake-3.31.6-debug"
            }
          ],
          "store_path": "/nix/store/wphngc22a7aphbp5pi5jqmqlsqmisgn5-cmake-3.31.6"
        }
      }
    },
    "gcc@latest": {
      "last_modified": "2025-05-16T20:19:48Z",
      "resolved": "github:NixOS/nixpkgs/12a55407652e04dcf2309436eb06fef0d3713ef3#gcc",
      "source": "devbox-search",
      "version": "14.2.1.20250322",
      "systems": {
        "aarch64-darwin": {
          "outputs": [
            {
              "name": "out",
              "path": "/nix/store/pnppg88x29b2rmmz54zj9rvm6rgbwml5-gcc-wrapper-14.2.1.20250322",
              "default": true
            },
            {
              "name": "man",
              "path": "/nix/store/ndnl5s0a8671f19jwhyms5wb0d0jq7ix-gcc-wrapper-14.2.1.20250322-man",
              "default": true
            },
            {
              "name": "info",
              "path": "/nix/store/fl8gp0pvp2lz34va2pp2rg4krk2z35ar-gcc-wrapper-14.2.1.20250322-info"
            }
          ],
          "store_path": "/nix/store/pnppg88x29b2rmmz54zj9rvm6rgbwml5-gcc-wrapper-14.2.1.20250322"
        },
        "aarch64-linux": {
          "outputs": [
            {
              "name": "out",
              "path": "/nix/store/m5lx55lwrvcax2lwfv83793i2b8x6r2w-gcc-wrapper-14.2.1.20250322",
              "default": true
            },
            {
              "name": "man",
              "path": "/nix/store/v2vgm7qpc7nck1p39cnq29ld1jb4i02z-gcc-wrapper-14.2.1.20250322-man",
              "default": true
            },
            {
              "name": "info",
              "path": "/nix/store/02wyr4amxzw5wdwsr1w8iviwz21dpzzq-gcc-wrapper-14.2.1.20250322-info"
            }
          ],
          "store_path": "/nix/store/m5lx55lwrvcax2lwfv83793i2b8x6r2w-gcc-wrapper-14.2.1.20250322"
        },
        "x86_64-darwin": {
          "outputs": [
            {
              "name": "out",
              "path": "/nix/store/kpk57xjwgb2kkbidrvhj4mk0zifj7jkp-gcc-wrapper-14.2.1.20250322",
              "default": true
            },
            {
              "name": "man",
              "path": "/nix/store/wdrsjsi6020c883n5bd4j0ih3wqf65da-gcc-wrapper-14.2.1.20250322-man",
              "default": true
            },
            {
              "name": "info",
              "path": "/nix/store/n0qd4ys4ss1pxqcwf8fpf4p8gqfqp8xc-gcc-wrapper-14.2.1.20250322-info"
            }
          ],
          "store_path": "/nix/store/kpk57xjwgb2kkbidrvhj4mk0zifj7jkp-gcc-wrapper-14.2.1.20250322"
        },
        "x86_64-linux": {
          "outputs": [
            {
              "name": "out",
              "path": "/nix/store/0fsnicvfpf55nkza12cjnad0w84d6ba7-gcc-wrapper-14.2.1.20250322",
              "default": true
            },
            {
              "name": "man",
              "path": "/nix/store/kbykzp8wk3anb8ym760yf5m28nqz2k9n-gcc-wrapper-14.2.1.20250322-man",
              "default": true
            },
            {
              "name": "info",
              "path": "/nix/store/7bzcswp68xfk2x17fmqbdrybbwcjy0kq-gcc-wrapper-14.2.1.20250322-info"
            }
          ],
          "store_path": "/nix/store/0fsnicvfpf55nkza12cjnad0w84d6ba7-gcc-wrapper-14.2.1.20250322"
        }
      }
    },
    "github:NixOS/nixpkgs/nixpkgs-unstable": {
      "last_modified": "2025-04-28T20:04:36Z",
      "resolved": "github:NixOS/nixpkgs/fdb6c240562c5ad516253419cc6f26819705d3e0?lastModified=1745870676&narHash=sha256-IpldIaWrlasZZlKHPxitkrJ1ex4EVphuWYXVDdF5kf4%3D"
    },
    "stdenv@latest": {
      "last_modified": "2023-02-24T09:01:09Z",
      "resolved": "github:NixOS/nixpkgs/7d0ed7f2e5aea07ab22ccb338d27fbe347ed2f11#stdenv",
      "source": "devbox-search"
    }
  }
}
